// !$*UTF8*$!
{
	archiveVersion = 1;
	classes = {
	};
	objectVersion = 50;
	objects = {

/* Begin PBXBuildFile section */
		D0F78B982444F6BF00213881 /* AppDelegate.swift in Sources */ = {isa = PBXBuildFile; fileRef = D0F78B972444F6BF00213881 /* AppDelegate.swift */; };
		D0F78B9A2444F6BF00213881 /* SceneDelegate.swift in Sources */ = {isa = PBXBuildFile; fileRef = D0F78B992444F6BF00213881 /* SceneDelegate.swift */; };
		D0F78B9C2444F6BF00213881 /* HomeController.swift in Sources */ = {isa = PBXBuildFile; fileRef = D0F78B9B2444F6BF00213881 /* HomeController.swift */; };
		D0F78B9F2444F6BF00213881 /* Main.storyboard in Resources */ = {isa = PBXBuildFile; fileRef = D0F78B9D2444F6BF00213881 /* Main.storyboard */; };
		D0F78BA12444F6C500213881 /* Assets.xcassets in Resources */ = {isa = PBXBuildFile; fileRef = D0F78BA02444F6C500213881 /* Assets.xcassets */; };
		D0F78BA42444F6C500213881 /* LaunchScreen.storyboard in Resources */ = {isa = PBXBuildFile; fileRef = D0F78BA22444F6C500213881 /* LaunchScreen.storyboard */; };
		D0F78BAD24450BA000213881 /* HomeView.swift in Sources */ = {isa = PBXBuildFile; fileRef = D0F78BAC24450BA000213881 /* HomeView.swift */; };
		D0F78BB024450CD200213881 /* TopNavigationStackView.swift in Sources */ = {isa = PBXBuildFile; fileRef = D0F78BAF24450CD200213881 /* TopNavigationStackView.swift */; };
		D0F78BB224451C3A00213881 /* HomeBottomControlsStackView.swift in Sources */ = {isa = PBXBuildFile; fileRef = D0F78BB124451C3A00213881 /* HomeBottomControlsStackView.swift */; };
		D0F78BB42445351D00213881 /* CardView.swift in Sources */ = {isa = PBXBuildFile; fileRef = D0F78BB32445351D00213881 /* CardView.swift */; };
		D0F78BB724455EC300213881 /* Extensions+UIView.swift in Sources */ = {isa = PBXBuildFile; fileRef = D0F78BB624455EC300213881 /* Extensions+UIView.swift */; };
		D0F78BB924458D4B00213881 /* Extensions+UIColor.swift in Sources */ = {isa = PBXBuildFile; fileRef = D0F78BB824458D4B00213881 /* Extensions+UIColor.swift */; };
		D0F78BBE24459D1E00213881 /* Animal.swift in Sources */ = {isa = PBXBuildFile; fileRef = D0F78BBD24459D1E00213881 /* Animal.swift */; };
/* End PBXBuildFile section */

/* Begin PBXFileReference section */
		D0F78B942444F6BF00213881 /* DoggieMatch.app */ = {isa = PBXFileReference; explicitFileType = wrapper.application; includeInIndex = 0; path = DoggieMatch.app; sourceTree = BUILT_PRODUCTS_DIR; };
		D0F78B972444F6BF00213881 /* AppDelegate.swift */ = {isa = PBXFileReference; lastKnownFileType = sourcecode.swift; path = AppDelegate.swift; sourceTree = "<group>"; };
		D0F78B992444F6BF00213881 /* SceneDelegate.swift */ = {isa = PBXFileReference; lastKnownFileType = sourcecode.swift; path = SceneDelegate.swift; sourceTree = "<group>"; };
		D0F78B9B2444F6BF00213881 /* HomeController.swift */ = {isa = PBXFileReference; lastKnownFileType = sourcecode.swift; path = HomeController.swift; sourceTree = "<group>"; };
		D0F78B9E2444F6BF00213881 /* Base */ = {isa = PBXFileReference; lastKnownFileType = file.storyboard; name = Base; path = Base.lproj/Main.storyboard; sourceTree = "<group>"; };
		D0F78BA02444F6C500213881 /* Assets.xcassets */ = {isa = PBXFileReference; lastKnownFileType = folder.assetcatalog; path = Assets.xcassets; sourceTree = "<group>"; };
		D0F78BA32444F6C500213881 /* Base */ = {isa = PBXFileReference; lastKnownFileType = file.storyboard; name = Base; path = Base.lproj/LaunchScreen.storyboard; sourceTree = "<group>"; };
		D0F78BA52444F6C500213881 /* Info.plist */ = {isa = PBXFileReference; lastKnownFileType = text.plist.xml; path = Info.plist; sourceTree = "<group>"; };
		D0F78BAC24450BA000213881 /* HomeView.swift */ = {isa = PBXFileReference; lastKnownFileType = sourcecode.swift; path = HomeView.swift; sourceTree = "<group>"; };
		D0F78BAF24450CD200213881 /* TopNavigationStackView.swift */ = {isa = PBXFileReference; lastKnownFileType = sourcecode.swift; path = TopNavigationStackView.swift; sourceTree = "<group>"; };
		D0F78BB124451C3A00213881 /* HomeBottomControlsStackView.swift */ = {isa = PBXFileReference; lastKnownFileType = sourcecode.swift; path = HomeBottomControlsStackView.swift; sourceTree = "<group>"; };
		D0F78BB32445351D00213881 /* CardView.swift */ = {isa = PBXFileReference; lastKnownFileType = sourcecode.swift; path = CardView.swift; sourceTree = "<group>"; };
		D0F78BB624455EC300213881 /* Extensions+UIView.swift */ = {isa = PBXFileReference; lastKnownFileType = sourcecode.swift; path = "Extensions+UIView.swift"; sourceTree = "<group>"; };
		D0F78BB824458D4B00213881 /* Extensions+UIColor.swift */ = {isa = PBXFileReference; lastKnownFileType = sourcecode.swift; path = "Extensions+UIColor.swift"; sourceTree = "<group>"; };
		D0F78BBD24459D1E00213881 /* Animal.swift */ = {isa = PBXFileReference; lastKnownFileType = sourcecode.swift; path = Animal.swift; sourceTree = "<group>"; };
/* End PBXFileReference section */

/* Begin PBXFrameworksBuildPhase section */
		D0F78B912444F6BF00213881 /* Frameworks */ = {
			isa = PBXFrameworksBuildPhase;
			buildActionMask = 2147483647;
			files = (
			);
			runOnlyForDeploymentPostprocessing = 0;
		};
/* End PBXFrameworksBuildPhase section */

/* Begin PBXGroup section */
		D0F78B8B2444F6BF00213881 = {
			isa = PBXGroup;
			children = (
				D0F78B962444F6BF00213881 /* DoggieMatch */,
				D0F78B952444F6BF00213881 /* Products */,
			);
			sourceTree = "<group>";
		};
		D0F78B952444F6BF00213881 /* Products */ = {
			isa = PBXGroup;
			children = (
				D0F78B942444F6BF00213881 /* DoggieMatch.app */,
			);
			name = Products;
			sourceTree = "<group>";
		};
		D0F78B962444F6BF00213881 /* DoggieMatch */ = {
			isa = PBXGroup;
			children = (
				D0F78BA52444F6C500213881 /* Info.plist */,
				D0F78BAB24450A8800213881 /* Home */,
				D0F78BBC24459CD100213881 /* Model */,
				D0F78BBA244590DC00213881 /* Networking */,
				D0F78BB524455EAF00213881 /* Extensions */,
				D0F78BBB244591A500213881 /* Utilities */,
			);
			path = DoggieMatch;
			sourceTree = "<group>";
		};
		D0F78BAB24450A8800213881 /* Home */ = {
			isa = PBXGroup;
			children = (
				D0F78B9B2444F6BF00213881 /* HomeController.swift */,
				D0F78BAE24450CB300213881 /* View */,
			);
			path = Home;
			sourceTree = "<group>";
		};
		D0F78BAE24450CB300213881 /* View */ = {
			isa = PBXGroup;
			children = (
				D0F78BAC24450BA000213881 /* HomeView.swift */,
				D0F78BAF24450CD200213881 /* TopNavigationStackView.swift */,
				D0F78BB124451C3A00213881 /* HomeBottomControlsStackView.swift */,
				D0F78BB32445351D00213881 /* CardView.swift */,
			);
			path = View;
			sourceTree = "<group>";
		};
		D0F78BB524455EAF00213881 /* Extensions */ = {
			isa = PBXGroup;
			children = (
				D0F78BB624455EC300213881 /* Extensions+UIView.swift */,
				D0F78BB824458D4B00213881 /* Extensions+UIColor.swift */,
			);
			path = Extensions;
			sourceTree = "<group>";
		};
		D0F78BBA244590DC00213881 /* Networking */ = {
			isa = PBXGroup;
			children = (
			);
			path = Networking;
			sourceTree = "<group>";
		};
		D0F78BBB244591A500213881 /* Utilities */ = {
			isa = PBXGroup;
			children = (
				D0F78BA02444F6C500213881 /* Assets.xcassets */,
				D0F78BA22444F6C500213881 /* LaunchScreen.storyboard */,
				D0F78B972444F6BF00213881 /* AppDelegate.swift */,
				D0F78B992444F6BF00213881 /* SceneDelegate.swift */,
				D0F78B9D2444F6BF00213881 /* Main.storyboard */,
			);
			path = Utilities;
			sourceTree = "<group>";
		};
		D0F78BBC24459CD100213881 /* Model */ = {
			isa = PBXGroup;
			children = (
				D0F78BBD24459D1E00213881 /* Animal.swift */,
			);
			path = Model;
			sourceTree = "<group>";
		};
/* End PBXGroup section */

/* Begin PBXNativeTarget section */
		D0F78B932444F6BF00213881 /* DoggieMatch */ = {
			isa = PBXNativeTarget;
			buildConfigurationList = D0F78BA82444F6C500213881 /* Build configuration list for PBXNativeTarget "DoggieMatch" */;
			buildPhases = (
				D0F78B902444F6BF00213881 /* Sources */,
				D0F78B912444F6BF00213881 /* Frameworks */,
				D0F78B922444F6BF00213881 /* Resources */,
			);
			buildRules = (
			);
			dependencies = (
			);
			name = DoggieMatch;
			productName = DoggieMatch;
			productReference = D0F78B942444F6BF00213881 /* DoggieMatch.app */;
			productType = "com.apple.product-type.application";
		};
/* End PBXNativeTarget section */

/* Begin PBXProject section */
		D0F78B8C2444F6BF00213881 /* Project object */ = {
			isa = PBXProject;
			attributes = {
				LastSwiftUpdateCheck = 1130;
				LastUpgradeCheck = 1130;
				ORGANIZATIONNAME = "Alexis Orellano";
				TargetAttributes = {
					D0F78B932444F6BF00213881 = {
						CreatedOnToolsVersion = 11.3.1;
					};
				};
			};
			buildConfigurationList = D0F78B8F2444F6BF00213881 /* Build configuration list for PBXProject "DoggieMatch" */;
			compatibilityVersion = "Xcode 9.3";
			developmentRegion = en;
			hasScannedForEncodings = 0;
			knownRegions = (
				en,
				Base,
			);
			mainGroup = D0F78B8B2444F6BF00213881;
			productRefGroup = D0F78B952444F6BF00213881 /* Products */;
			projectDirPath = "";
			projectRoot = "";
			targets = (
				D0F78B932444F6BF00213881 /* DoggieMatch */,
			);
		};
/* End PBXProject section */

/* Begin PBXResourcesBuildPhase section */
		D0F78B922444F6BF00213881 /* Resources */ = {
			isa = PBXResourcesBuildPhase;
			buildActionMask = 2147483647;
			files = (
				D0F78BA42444F6C500213881 /* LaunchScreen.storyboard in Resources */,
				D0F78BA12444F6C500213881 /* Assets.xcassets in Resources */,
				D0F78B9F2444F6BF00213881 /* Main.storyboard in Resources */,
			);
			runOnlyForDeploymentPostprocessing = 0;
		};
/* End PBXResourcesBuildPhase section */

/* Begin PBXSourcesBuildPhase section */
		D0F78B902444F6BF00213881 /* Sources */ = {
			isa = PBXSourcesBuildPhase;
			buildActionMask = 2147483647;
			files = (
				D0F78BB42445351D00213881 /* CardView.swift in Sources */,
				D0F78B9C2444F6BF00213881 /* HomeController.swift in Sources */,
				D0F78BB224451C3A00213881 /* HomeBottomControlsStackView.swift in Sources */,
				D0F78BB924458D4B00213881 /* Extensions+UIColor.swift in Sources */,
				D0F78BAD24450BA000213881 /* HomeView.swift in Sources */,
				D0F78B982444F6BF00213881 /* AppDelegate.swift in Sources */,
				D0F78B9A2444F6BF00213881 /* SceneDelegate.swift in Sources */,
				D0F78BB724455EC300213881 /* Extensions+UIView.swift in Sources */,
				D0F78BB024450CD200213881 /* TopNavigationStackView.swift in Sources */,
				D0F78BBE24459D1E00213881 /* Animal.swift in Sources */,
			);
			runOnlyForDeploymentPostprocessing = 0;
		};
/* End PBXSourcesBuildPhase section */

/* Begin PBXVariantGroup section */
		D0F78B9D2444F6BF00213881 /* Main.storyboard */ = {
			isa = PBXVariantGroup;
			children = (
				D0F78B9E2444F6BF00213881 /* Base */,
			);
			name = Main.storyboard;
			sourceTree = "<group>";
		};
		D0F78BA22444F6C500213881 /* LaunchScreen.storyboard */ = {
			isa = PBXVariantGroup;
			children = (
				D0F78BA32444F6C500213881 /* Base */,
			);
			name = LaunchScreen.storyboard;
			sourceTree = "<group>";
		};
/* End PBXVariantGroup section */

/* Begin XCBuildConfiguration section */
		D0F78BA62444F6C500213881 /* Debug */ = {
			isa = XCBuildConfiguration;
			buildSettings = {
				ALWAYS_SEARCH_USER_PATHS = NO;
				CLANG_ANALYZER_NONNULL = YES;
				CLANG_ANALYZER_NUMBER_OBJECT_CONVERSION = YES_AGGRESSIVE;
				CLANG_CXX_LANGUAGE_STANDARD = "gnu++14";
				CLANG_CXX_LIBRARY = "libc++";
				CLANG_ENABLE_MODULES = YES;
				CLANG_ENABLE_OBJC_ARC = YES;
				CLANG_ENABLE_OBJC_WEAK = YES;
				CLANG_WARN_BLOCK_CAPTURE_AUTORELEASING = YES;
				CLANG_WARN_BOOL_CONVERSION = YES;
				CLANG_WARN_COMMA = YES;
				CLANG_WARN_CONSTANT_CONVERSION = YES;
				CLANG_WARN_DEPRECATED_OBJC_IMPLEMENTATIONS = YES;
				CLANG_WARN_DIRECT_OBJC_ISA_USAGE = YES_ERROR;
				CLANG_WARN_DOCUMENTATION_COMMENTS = YES;
				CLANG_WARN_EMPTY_BODY = YES;
				CLANG_WARN_ENUM_CONVERSION = YES;
				CLANG_WARN_INFINITE_RECURSION = YES;
				CLANG_WARN_INT_CONVERSION = YES;
				CLANG_WARN_NON_LITERAL_NULL_CONVERSION = YES;
				CLANG_WARN_OBJC_IMPLICIT_RETAIN_SELF = YES;
				CLANG_WARN_OBJC_LITERAL_CONVERSION = YES;
				CLANG_WARN_OBJC_ROOT_CLASS = YES_ERROR;
				CLANG_WARN_RANGE_LOOP_ANALYSIS = YES;
				CLANG_WARN_STRICT_PROTOTYPES = YES;
				CLANG_WARN_SUSPICIOUS_MOVE = YES;
				CLANG_WARN_UNGUARDED_AVAILABILITY = YES_AGGRESSIVE;
				CLANG_WARN_UNREACHABLE_CODE = YES;
				CLANG_WARN__DUPLICATE_METHOD_MATCH = YES;
				COPY_PHASE_STRIP = NO;
				DEBUG_INFORMATION_FORMAT = dwarf;
				ENABLE_STRICT_OBJC_MSGSEND = YES;
				ENABLE_TESTABILITY = YES;
				GCC_C_LANGUAGE_STANDARD = gnu11;
				GCC_DYNAMIC_NO_PIC = NO;
				GCC_NO_COMMON_BLOCKS = YES;
				GCC_OPTIMIZATION_LEVEL = 0;
				GCC_PREPROCESSOR_DEFINITIONS = (
					"DEBUG=1",
					"$(inherited)",
				);
				GCC_WARN_64_TO_32_BIT_CONVERSION = YES;
				GCC_WARN_ABOUT_RETURN_TYPE = YES_ERROR;
				GCC_WARN_UNDECLARED_SELECTOR = YES;
				GCC_WARN_UNINITIALIZED_AUTOS = YES_AGGRESSIVE;
				GCC_WARN_UNUSED_FUNCTION = YES;
				GCC_WARN_UNUSED_VARIABLE = YES;
				IPHONEOS_DEPLOYMENT_TARGET = 13.2;
				MTL_ENABLE_DEBUG_INFO = INCLUDE_SOURCE;
				MTL_FAST_MATH = YES;
				ONLY_ACTIVE_ARCH = YES;
				SDKROOT = iphoneos;
				SWIFT_ACTIVE_COMPILATION_CONDITIONS = DEBUG;
				SWIFT_OPTIMIZATION_LEVEL = "-Onone";
			};
			name = Debug;
		};
		D0F78BA72444F6C500213881 /* Release */ = {
			isa = XCBuildConfiguration;
			buildSettings = {
				ALWAYS_SEARCH_USER_PATHS = NO;
				CLANG_ANALYZER_NONNULL = YES;
				CLANG_ANALYZER_NUMBER_OBJECT_CONVERSION = YES_AGGRESSIVE;
				CLANG_CXX_LANGUAGE_STANDARD = "gnu++14";
				CLANG_CXX_LIBRARY = "libc++";
				CLANG_ENABLE_MODULES = YES;
				CLANG_ENABLE_OBJC_ARC = YES;
				CLANG_ENABLE_OBJC_WEAK = YES;
				CLANG_WARN_BLOCK_CAPTURE_AUTORELEASING = YES;
				CLANG_WARN_BOOL_CONVERSION = YES;
				CLANG_WARN_COMMA = YES;
				CLANG_WARN_CONSTANT_CONVERSION = YES;
				CLANG_WARN_DEPRECATED_OBJC_IMPLEMENTATIONS = YES;
				CLANG_WARN_DIRECT_OBJC_ISA_USAGE = YES_ERROR;
				CLANG_WARN_DOCUMENTATION_COMMENTS = YES;
				CLANG_WARN_EMPTY_BODY = YES;
				CLANG_WARN_ENUM_CONVERSION = YES;
				CLANG_WARN_INFINITE_RECURSION = YES;
				CLANG_WARN_INT_CONVERSION = YES;
				CLANG_WARN_NON_LITERAL_NULL_CONVERSION = YES;
				CLANG_WARN_OBJC_IMPLICIT_RETAIN_SELF = YES;
				CLANG_WARN_OBJC_LITERAL_CONVERSION = YES;
				CLANG_WARN_OBJC_ROOT_CLASS = YES_ERROR;
				CLANG_WARN_RANGE_LOOP_ANALYSIS = YES;
				CLANG_WARN_STRICT_PROTOTYPES = YES;
				CLANG_WARN_SUSPICIOUS_MOVE = YES;
				CLANG_WARN_UNGUARDED_AVAILABILITY = YES_AGGRESSIVE;
				CLANG_WARN_UNREACHABLE_CODE = YES;
				CLANG_WARN__DUPLICATE_METHOD_MATCH = YES;
				COPY_PHASE_STRIP = NO;
				DEBUG_INFORMATION_FORMAT = "dwarf-with-dsym";
				ENABLE_NS_ASSERTIONS = NO;
				ENABLE_STRICT_OBJC_MSGSEND = YES;
				GCC_C_LANGUAGE_STANDARD = gnu11;
				GCC_NO_COMMON_BLOCKS = YES;
				GCC_WARN_64_TO_32_BIT_CONVERSION = YES;
				GCC_WARN_ABOUT_RETURN_TYPE = YES_ERROR;
				GCC_WARN_UNDECLARED_SELECTOR = YES;
				GCC_WARN_UNINITIALIZED_AUTOS = YES_AGGRESSIVE;
				GCC_WARN_UNUSED_FUNCTION = YES;
				GCC_WARN_UNUSED_VARIABLE = YES;
				IPHONEOS_DEPLOYMENT_TARGET = 13.2;
				MTL_ENABLE_DEBUG_INFO = NO;
				MTL_FAST_MATH = YES;
				SDKROOT = iphoneos;
				SWIFT_COMPILATION_MODE = wholemodule;
				SWIFT_OPTIMIZATION_LEVEL = "-O";
				VALIDATE_PRODUCT = YES;
			};
			name = Release;
		};
		D0F78BA92444F6C500213881 /* Debug */ = {
			isa = XCBuildConfiguration;
			buildSettings = {
				ASSETCATALOG_COMPILER_APPICON_NAME = AppIcon;
				CODE_SIGN_STYLE = Automatic;
				DEVELOPMENT_TEAM = S7297N2DPU;
				INFOPLIST_FILE = DoggieMatch/Info.plist;
				IPHONEOS_DEPLOYMENT_TARGET = 13.0;
				LD_RUNPATH_SEARCH_PATHS = (
					"$(inherited)",
					"@executable_path/Frameworks",
				);
				PRODUCT_BUNDLE_IDENTIFIER = Alexis.DoggieMatch;
				PRODUCT_NAME = "$(TARGET_NAME)";
				SWIFT_VERSION = 5.0;
				TARGETED_DEVICE_FAMILY = "1,2";
			};
			name = Debug;
		};
		D0F78BAA2444F6C500213881 /* Release */ = {
			isa = XCBuildConfiguration;
			buildSettings = {
				ASSETCATALOG_COMPILER_APPICON_NAME = AppIcon;
				CODE_SIGN_STYLE = Automatic;
				DEVELOPMENT_TEAM = S7297N2DPU;
				INFOPLIST_FILE = DoggieMatch/Info.plist;
				IPHONEOS_DEPLOYMENT_TARGET = 13.0;
				LD_RUNPATH_SEARCH_PATHS = (
					"$(inherited)",
					"@executable_path/Frameworks",
				);
				PRODUCT_BUNDLE_IDENTIFIER = Alexis.DoggieMatch;
				PRODUCT_NAME = "$(TARGET_NAME)";
				SWIFT_VERSION = 5.0;
				TARGETED_DEVICE_FAMILY = "1,2";
			};
			name = Release;
		};
/* End XCBuildConfiguration section */

/* Begin XCConfigurationList section */
		D0F78B8F2444F6BF00213881 /* Build configuration list for PBXProject "DoggieMatch" */ = {
			isa = XCConfigurationList;
			buildConfigurations = (
				D0F78BA62444F6C500213881 /* Debug */,
				D0F78BA72444F6C500213881 /* Release */,
			);
			defaultConfigurationIsVisible = 0;
			defaultConfigurationName = Release;
		};
		D0F78BA82444F6C500213881 /* Build configuration list for PBXNativeTarget "DoggieMatch" */ = {
			isa = XCConfigurationList;
			buildConfigurations = (
				D0F78BA92444F6C500213881 /* Debug */,
				D0F78BAA2444F6C500213881 /* Release */,
			);
			defaultConfigurationIsVisible = 0;
			defaultConfigurationName = Release;
		};
/* End XCConfigurationList section */
	};
	rootObject = D0F78B8C2444F6BF00213881 /* Project object */;
}
